lockfileVersion: '9.0'

settings:
  autoInstallPeers: true
  excludeLinksFromLockfile: false

importers:

  apps/api:
    dependencies:
      '@hapi/boom':
        specifier: ^10.0.1
        version: 10.0.1
      '@hapi/hapi':
        specifier: ^21.4.6
        version: 21.4.6
      '@prisma/client':
        specifier: ^7.4.1
        version: 7.4.1
    devDependencies:
      '@types/boom':
        specifier: ^7.3.5
        version: 7.3.5
      '@types/hapi':
        specifier: ^18.0.15
        version: 18.0.15
      '@types/hapi__boom':
        specifier: ^9.0.1
        version: 9.0.1
      '@types/hapi__hapi':
        specifier: ^21.0.0
        version: 21.0.0

packages:

  '@hapi/accept@6.0.3':
    resolution: {integrity: sha512-p72f9k56EuF0n3MwlBNThyVE5PXX40g+aQh+C/xbKrfzahM2Oispv3AXmOIU51t3j77zay1qrX7IIziZXspMlw==}

  '@hapi/ammo@6.0.1':
    resolution: {integrity: sha512-pmL+nPod4g58kXrMcsGLp05O2jF4P2Q3GiL8qYV7nKYEh3cGf+rV4P5Jyi2Uq0agGhVU63GtaSAfBEZOlrJn9w==}

  '@hapi/b64@6.0.1':
    resolution: {integrity: sha512-ZvjX4JQReUmBheeCq+S9YavcnMMHWqx3S0jHNXWIM1kQDxB9cyfSycpVvjfrKcIS8Mh5N3hmu/YKo4Iag9g2Kw==}

  '@hapi/boom@10.0.1':
    resolution: {integrity: sha512-ERcCZaEjdH3OgSJlyjVk8pHIFeus91CjKP3v+MpgBNp5IvGzP2l/bRiD78nqYcKPaZdbKkK5vDBVPd2ohHBlsA==}

  '@hapi/bounce@3.0.2':
    resolution: {integrity: sha512-d0XmlTi3H9HFDHhQLjg4F4auL1EY3Wqj7j7/hGDhFFe6xAbnm3qiGrXeT93zZnPH8gH+SKAFYiRzu26xkXcH3g==}

  '@hapi/bourne@3.0.0':
    resolution: {integrity: sha512-Waj1cwPXJDucOib4a3bAISsKJVb15MKi9IvmTI/7ssVEm6sywXGjVJDhl6/umt1pK1ZS7PacXU3A1PmFKHEZ2w==}

  '@hapi/call@9.0.1':
    resolution: {integrity: sha512-uPojQRqEL1GRZR4xXPqcLMujQGaEpyVPRyBlD8Pp5rqgIwLhtveF9PkixiKru2THXvuN8mUrLeet5fqxKAAMGg==}

  '@hapi/catbox-memory@6.0.2':
    resolution: {integrity: sha512-H1l4ugoFW/ZRkqeFrIo8p1rWN0PA4MDTfu4JmcoNDvnY975o29mqoZblqFTotxNHlEkMPpIiIBJTV+Mbi+aF0g==}

  '@hapi/catbox@12.1.1':
    resolution: {integrity: sha512-hDqYB1J+R0HtZg4iPH3LEnldoaBsar6bYp0EonBmNQ9t5CO+1CqgCul2ZtFveW1ReA5SQuze9GPSU7/aecERhw==}

  '@hapi/content@6.0.0':
    resolution: {integrity: sha512-CEhs7j+H0iQffKfe5Htdak5LBOz/Qc8TRh51cF+BFv0qnuph3Em4pjGVzJMkI2gfTDdlJKWJISGWS1rK34POGA==}

  '@hapi/cryptiles@6.0.3':
    resolution: {integrity: sha512-r6VKalpbMHz4ci3gFjFysBmhwCg70RpYZy6OkjEpdXzAYnYFX5XsW7n4YMJvuIYpnMwLxGUjK/cBhA7X3JDvXw==}
    engines: {node: '>=14.0.0'}

  '@hapi/file@3.0.0':
    resolution: {integrity: sha512-w+lKW+yRrLhJu620jT3y+5g2mHqnKfepreykvdOcl9/6up8GrQQn+l3FRTsjHTKbkbfQFkuksHpdv2EcpKcJ4Q==}

  '@hapi/hapi@21.4.6':
    resolution: {integrity: sha512-T+DKEZrgZZeFJP0wIcmsU2Tr6TZ7LJExLV+qfFiQsBuqzZRxHwNQ9z4SshkFWocvlf3hIu9iyyB2X5bAdiH6tA==}
    engines: {node: '>=14.15.0'}

  '@hapi/heavy@8.0.1':
    resolution: {integrity: sha512-gBD/NANosNCOp6RsYTsjo2vhr5eYA3BEuogk6cxY0QdhllkkTaJFYtTXv46xd6qhBVMbMMqcSdtqey+UQU3//w==}

  '@hapi/hoek@11.0.7':
    resolution: {integrity: sha512-HV5undWkKzcB4RZUusqOpcgxOaq6VOAH7zhhIr2g3G8NF/MlFO75SjOr2NfuSx0Mh40+1FqCkagKLJRykUWoFQ==}

  '@hapi/hoek@9.3.0':
    resolution: {integrity: sha512-/c6rf4UJlmHlC9b5BaNvzAcFv7HZ2QHaV0D4/HNlBdvFnvQq8RI4kYdhyPCl7Xj+oWvTWQ8ujhqS53LIgAe6KQ==}

  '@hapi/iron@7.0.1':
    resolution: {integrity: sha512-tEZnrOujKpS6jLKliyWBl3A9PaE+ppuL/+gkbyPPDb/l2KSKQyH4lhMkVb+sBhwN+qaxxlig01JRqB8dk/mPxQ==}

  '@hapi/mimos@7.0.1':
    resolution: {integrity: sha512-b79V+BrG0gJ9zcRx1VGcCI6r6GEzzZUgiGEJVoq5gwzuB2Ig9Cax8dUuBauQCFKvl2YWSWyOc8mZ8HDaJOtkew==}

  '@hapi/nigel@5.0.1':
    resolution: {integrity: sha512-uv3dtYuB4IsNaha+tigWmN8mQw/O9Qzl5U26Gm4ZcJVtDdB1AVJOwX3X5wOX+A07qzpEZnOMBAm8jjSqGsU6Nw==}
    engines: {node: '>=14.0.0'}

  '@hapi/pez@6.1.0':
    resolution: {integrity: sha512-+FE3sFPYuXCpuVeHQ/Qag1b45clR2o54QoonE/gKHv9gukxQ8oJJZPR7o3/ydDTK6racnCJXxOyT1T93FCJMIg==}

  '@hapi/podium@5.0.2':
    resolution: {integrity: sha512-T7gf2JYHQQfEfewTQFbsaXoZxSvuXO/QBIGljucUQ/lmPnTTNAepoIKOakWNVWvo2fMEDjycu77r8k6dhreqHA==}

  '@hapi/shot@6.0.2':
    resolution: {integrity: sha512-WKK1ShfJTrL1oXC0skoIZQYzvLsyMDEF8lfcWuQBjpjCN29qivr9U36ld1z0nt6edvzv28etNMOqUF4klnHryw==}

  '@hapi/somever@4.1.1':
    resolution: {integrity: sha512-lt3QQiDDOVRatS0ionFDNrDIv4eXz58IibQaZQDOg4DqqdNme8oa0iPWcE0+hkq/KTeBCPtEOjDOBKBKwDumVg==}

  '@hapi/statehood@8.2.1':
    resolution: {integrity: sha512-xf72TG/QINW26jUu+uL5H+crE1o8GplIgfPWwPZhnAGJzetIVAQEQYvzq+C0aEVHg5/lMMtQ+L9UryuSa5Yjkg==}

  '@hapi/subtext@8.1.1':
    resolution: {integrity: sha512-ex1Y2s/KuJktS8Ww0k6XJ5ysSKrzNym4i5pDVuCwlSgHHviHUsT1JNzE6FYhNU9TTHSNdyfue/t2m89bpkX9Jw==}

  '@hapi/teamwork@6.0.1':
    resolution: {integrity: sha512-52OXRslUfYwXAOG8k58f2h2ngXYQGP0x5RPOo+eWA/FtyLgHjGMrE3+e9LSXP/0q2YfHAK5wj9aA9DTy1K+kyQ==}
    engines: {node: '>=14.0.0'}

  '@hapi/topo@5.1.0':
    resolution: {integrity: sha512-foQZKJig7Ob0BMAYBfcJk8d77QtOe7Wo4ox7ff1lQYoNNAb6jwcY1ncdoy2e9wQZzvNy7ODZCYJkK8kzmcAnAg==}

  '@hapi/topo@6.0.2':
    resolution: {integrity: sha512-KR3rD5inZbGMrHmgPxsJ9dbi6zEK+C3ZwUwTa+eMwWLz7oijWUTWD2pMSNNYJAU6Qq+65NkxXjqHr/7LM2Xkqg==}

  '@hapi/validate@2.0.1':
    resolution: {integrity: sha512-NZmXRnrSLK8MQ9y/CMqE9WSspgB9xA41/LlYR0k967aSZebWr4yNrpxIbov12ICwKy4APSlWXZga9jN5p6puPA==}

  '@hapi/vise@5.0.1':
    resolution: {integrity: sha512-XZYWzzRtINQLedPYlIkSkUr7m5Ddwlu99V9elh8CSygXstfv3UnWIXT0QD+wmR0VAG34d2Vx3olqcEhRRoTu9A==}

  '@hapi/wreck@18.1.0':
    resolution: {integrity: sha512-0z6ZRCmFEfV/MQqkQomJ7sl/hyxvcZM7LtuVqN3vdAO4vM9eBbowl0kaqQj9EJJQab+3Uuh1GxbGIBFy4NfJ4w==}

  '@prisma/client-runtime-utils@7.4.1':
    resolution: {integrity: sha512-8fy74OMYC7mt9cJ2MncIDk1awPRgmtXVvwTN2FlW4JVhbck8Dgt0wTkhPG85myfj4ZeP2stjF9Sdg12n5HrpQg==}

  '@prisma/client@7.4.1':
    resolution: {integrity: sha512-pgIll2W1NVdof37xLeyySW+yfQ4rI+ERGCRwnO3BjVOx42GpYq6jhTyuALK8VKirvJJIvImgfGDA2qwhYVvMuA==}
    engines: {node: ^20.19 || ^22.12 || >=24.0}
    peerDependencies:
      prisma: '*'
      typescript: '>=5.4.0'
    peerDependenciesMeta:
      prisma:
        optional: true
      typescript:
        optional: true

  '@sideway/address@4.1.5':
    resolution: {integrity: sha512-IqO/DUQHUkPeixNQ8n0JA6102hT9CmaljNTPmQ1u8MEhBo/R4Q8eKLN/vGZxuebwOroDB4cbpjheD4+/sKFK4Q==}

  '@sideway/formula@3.0.1':
    resolution: {integrity: sha512-/poHZJJVjx3L+zVD6g9KgHfYnb443oi7wLu/XKojDviHy6HOEOA6z1Trk5aR1dGcmPenJEgb2sK2I80LeS3MIg==}

  '@sideway/pinpoint@2.0.0':
    resolution: {integrity: sha512-RNiOoTPkptFtSVzQevY/yWtZwf/RxyVnPy/OcA9HBM3MlGDnBEYL5B41H0MTn0Uec8Hi+2qUtTfG2WWZBmMejQ==}

  '@types/boom@7.3.5':
    resolution: {integrity: sha512-jBS0kU2s9W2sx+ILEyO4kxqIYLllqcUXTaVrBctvGptZ+4X3TWkkgY9+AmxdMPKrgiDDdLcfsaQCTu7bniLvgw==}

  '@types/catbox@10.0.9':
    resolution: {integrity: sha512-4qXm1SmZurBMNFc/536+7gfbOlN43fWyoo4O0bdLqtpDK/cpuCYnEDou0Cl4naaMwuJ19rEwnuscR7tetGnTDA==}

  '@types/hapi@18.0.15':
    resolution: {integrity: sha512-n7fXlpRAptQ+6N0JdQun+K4co2v3Wv5+KOFYLFV1xL8HEJ+EX8hqvbBmQg+uL3OkzwQZHvgCtHiBSdmCCDlrog==}

  '@types/hapi__boom@9.0.1':
    resolution: {integrity: sha512-TSqwgnTmNNp3/9uOpV16S8IVJv+QDmZLEImSuQrzGLCzmuK5P3bx3wdaXGXxfWLlN09Qqnd27POLrEAKhVCM5g==}
    deprecated: Deprecated

  '@types/hapi__hapi@21.0.0':
    resolution: {integrity: sha512-urNzL9HQgOp4QbeEOG/Y/XIcU1pB6skGh7LKMd0hGkxb8oRmWe083x5LAuLjZNtuhRU6yKhiSjjqQEJ+3pWjpQ==}
    deprecated: This is a stub types definition. @hapi/hapi provides its own type definitions, so you do not need this installed.

  '@types/iron@5.0.5':
    resolution: {integrity: sha512-ndu2RvRJ5LWsSVF0kBMJe9qnNcFcAO9eYwzr2P4FOU6m5ypRrbdiX+d8x4GNG7lIn1mKShyQf3M08CIX4wPsEA==}

  '@types/mime-db@1.43.6':
    resolution: {integrity: sha512-r2cqxAt/Eo5yWBOQie1lyM1JZFCiORa5xtLlhSZI0w8RJggBPKw8c4g/fgQCzWydaDR5bL4imnmix2d1n52iBw==}

  '@types/mimos@3.0.6':
    resolution: {integrity: sha512-pQlYu/Q1e5F5lyu7ATW4J2cyPOfjhRHZgAepZlKBbHqqAjshteHtNLqBXgx7KV5GjXjPLXWUvbzWaGwmVFPaYA==}

  '@types/node@25.3.0':
    resolution: {integrity: sha512-4K3bqJpXpqfg2XKGK9bpDTc6xO/xoUP/RBWS7AtRMug6zZFaRekiLzjVtAoZMquxoAbzBvy5nxQ7veS5eYzf8A==}

  '@types/podium@1.0.4':
    resolution: {integrity: sha512-HuG5/hRHs9PxuXXlNFXPy7mHMnBD6Z4riED2SFGwjs+RcszJUkxLgYHQpoiDpYrhLv7sHk9WDyswybD6aNYkig==}

  '@types/shot@4.0.5':
    resolution: {integrity: sha512-4wiGdy1sXfpcFgF1VAouUaSl6zjWn0v2NarNgviAJYm3BeiODywERnRtIC5YtNIbfh3UfShfCRD9yyeWAD7R0w==}

  joi@17.13.3:
    resolution: {integrity: sha512-otDA4ldcIx+ZXsKHWmp0YizCweVRZG96J10b0FevjfuncLO1oX59THoAmHkNubYJ+9gWsYsp5k8v4ib6oDv1fA==}

  mime-db@1.54.0:
    resolution: {integrity: sha512-aU5EJuIN2WDemCcAp2vFBfp/m4EAhWJnUNSSw0ixs7/kXbd6Pg64EmwJkNdFhB8aWt1sH2CTXrLxo/iAGV3oPQ==}
    engines: {node: '>= 0.6'}

  undici-types@7.18.2:
    resolution: {integrity: sha512-AsuCzffGHJybSaRrmr5eHr81mwJU3kjw6M+uprWvCXiNeN9SOGwQ3Jn8jb8m3Z6izVgknn1R0FTCEAP2QrLY/w==}

snapshots:

  '@hapi/accept@6.0.3':
    dependencies:
      '@hapi/boom': 10.0.1
      '@hapi/hoek': 11.0.7

  '@hapi/ammo@6.0.1':
    dependencies:
      '@hapi/hoek': 11.0.7

  '@hapi/b64@6.0.1':
    dependencies:
      '@hapi/hoek': 11.0.7

  '@hapi/boom@10.0.1':
    dependencies:
      '@hapi/hoek': 11.0.7

  '@hapi/bounce@3.0.2':
    dependencies:
      '@hapi/boom': 10.0.1
      '@hapi/hoek': 11.0.7

  '@hapi/bourne@3.0.0': {}

  '@hapi/call@9.0.1':
    dependencies:
      '@hapi/boom': 10.0.1
      '@hapi/hoek': 11.0.7

  '@hapi/catbox-memory@6.0.2':
    dependencies:
      '@hapi/boom': 10.0.1
      '@hapi/hoek': 11.0.7

  '@hapi/catbox@12.1.1':
    dependencies:
      '@hapi/boom': 10.0.1
      '@hapi/hoek': 11.0.7
      '@hapi/podium': 5.0.2
      '@hapi/validate': 2.0.1

  '@hapi/content@6.0.0':
    dependencies:
      '@hapi/boom': 10.0.1

  '@hapi/cryptiles@6.0.3':
    dependencies:
      '@hapi/boom': 10.0.1

  '@hapi/file@3.0.0': {}

  '@hapi/hapi@21.4.6':
    dependencies:
      '@hapi/accept': 6.0.3
      '@hapi/ammo': 6.0.1
      '@hapi/boom': 10.0.1
      '@hapi/bounce': 3.0.2
      '@hapi/call': 9.0.1
      '@hapi/catbox': 12.1.1
      '@hapi/catbox-memory': 6.0.2
      '@hapi/heavy': 8.0.1
      '@hapi/hoek': 11.0.7
      '@hapi/mimos': 7.0.1
      '@hapi/podium': 5.0.2
      '@hapi/shot': 6.0.2
      '@hapi/somever': 4.1.1
      '@hapi/statehood': 8.2.1
      '@hapi/subtext': 8.1.1
      '@hapi/teamwork': 6.0.1
      '@hapi/topo': 6.0.2
      '@hapi/validate': 2.0.1

  '@hapi/heavy@8.0.1':
    dependencies:
      '@hapi/boom': 10.0.1
      '@hapi/hoek': 11.0.7
      '@hapi/validate': 2.0.1

  '@hapi/hoek@11.0.7': {}

  '@hapi/hoek@9.3.0': {}

  '@hapi/iron@7.0.1':
    dependencies:
      '@hapi/b64': 6.0.1
      '@hapi/boom': 10.0.1
      '@hapi/bourne': 3.0.0
      '@hapi/cryptiles': 6.0.3
      '@hapi/hoek': 11.0.7

  '@hapi/mimos@7.0.1':
    dependencies:
      '@hapi/hoek': 11.0.7
      mime-db: 1.54.0

  '@hapi/nigel@5.0.1':
    dependencies:
      '@hapi/hoek': 11.0.7
      '@hapi/vise': 5.0.1

  '@hapi/pez@6.1.0':
    dependencies:
      '@hapi/b64': 6.0.1
      '@hapi/boom': 10.0.1
      '@hapi/content': 6.0.0
      '@hapi/hoek': 11.0.7
      '@hapi/nigel': 5.0.1

  '@hapi/podium@5.0.2':
    dependencies:
      '@hapi/hoek': 11.0.7
      '@hapi/teamwork': 6.0.1
      '@hapi/validate': 2.0.1

  '@hapi/shot@6.0.2':
    dependencies:
      '@hapi/hoek': 11.0.7
      '@hapi/validate': 2.0.1

  '@hapi/somever@4.1.1':
    dependencies:
      '@hapi/bounce': 3.0.2
      '@hapi/hoek': 11.0.7

  '@hapi/statehood@8.2.1':
    dependencies:
      '@hapi/boom': 10.0.1
      '@hapi/bounce': 3.0.2
      '@hapi/bourne': 3.0.0
      '@hapi/cryptiles': 6.0.3
      '@hapi/hoek': 11.0.7
      '@hapi/iron': 7.0.1
      '@hapi/validate': 2.0.1

  '@hapi/subtext@8.1.1':
    dependencies:
      '@hapi/boom': 10.0.1
      '@hapi/bourne': 3.0.0
      '@hapi/content': 6.0.0
      '@hapi/file': 3.0.0
      '@hapi/hoek': 11.0.7
      '@hapi/pez': 6.1.0
      '@hapi/wreck': 18.1.0

  '@hapi/teamwork@6.0.1': {}

  '@hapi/topo@5.1.0':
    dependencies:
      '@hapi/hoek': 9.3.0

  '@hapi/topo@6.0.2':
    dependencies:
      '@hapi/hoek': 11.0.7

  '@hapi/validate@2.0.1':
    dependencies:
      '@hapi/hoek': 11.0.7
      '@hapi/topo': 6.0.2

  '@hapi/vise@5.0.1':
    dependencies:
      '@hapi/hoek': 11.0.7

  '@hapi/wreck@18.1.0':
    dependencies:
      '@hapi/boom': 10.0.1
      '@hapi/bourne': 3.0.0
      '@hapi/hoek': 11.0.7

  '@prisma/client-runtime-utils@7.4.1': {}

  '@prisma/client@7.4.1':
    dependencies:
      '@prisma/client-runtime-utils': 7.4.1

  '@sideway/address@4.1.5':
    dependencies:
      '@hapi/hoek': 9.3.0

  '@sideway/formula@3.0.1': {}

  '@sideway/pinpoint@2.0.0': {}

  '@types/boom@7.3.5': {}

  '@types/catbox@10.0.9': {}

  '@types/hapi@18.0.15':
    dependencies:
      '@types/boom': 7.3.5
      '@types/catbox': 10.0.9
      '@types/iron': 5.0.5
      '@types/mimos': 3.0.6
      '@types/node': 25.3.0
      '@types/podium': 1.0.4
      '@types/shot': 4.0.5
      joi: 17.13.3

  '@types/hapi__boom@9.0.1':
    dependencies:
      '@hapi/boom': 10.0.1

  '@types/hapi__hapi@21.0.0':
    dependencies:
      '@hapi/hapi': 21.4.6

  '@types/iron@5.0.5':
    dependencies:
      '@types/node': 25.3.0

  '@types/mime-db@1.43.6': {}

  '@types/mimos@3.0.6':
    dependencies:
      '@types/mime-db': 1.43.6

  '@types/node@25.3.0':
    dependencies:
      undici-types: 7.18.2

  '@types/podium@1.0.4': {}

  '@types/shot@4.0.5':
    dependencies:
      '@types/node': 25.3.0

  joi@17.13.3:
    dependencies:
      '@hapi/hoek': 9.3.0
      '@hapi/topo': 5.1.0
      '@sideway/address': 4.1.5
      '@sideway/formula': 3.0.1
      '@sideway/pinpoint': 2.0.0

  mime-db@1.54.0: {}

  undici-types@7.18.2: {}
